
Microsoft Visual Studio Solution File, Format Version 12.00
# Visual Studio Version 17
VisualStudioVersion = 17.6.33801.468
MinimumVisualStudioVersion = 10.0.40219.1
Project("{FAE04EC0-301F-11D3-BF4B-00C04F79EFBC}") = "WpfApp1", "WpfApp1\WpfApp1.csproj", "{E82821B1-6177-43F6-BE1A-6857E15E7770}"
EndProject
Global
	GlobalSection(SolutionConfigurationPlatforms) = preSolution
		Debug|Any CPU = Debug|Any CPU
		Release|Any CPU = Release|Any CPU
	EndGlobalSection
	GlobalSection(ProjectConfigurationPlatforms) = postSolution
		{E82821B1-6177-43F6-BE1A-6857E15E7770}.Debug|Any CPU.ActiveCfg = Debug|Any CPU
		{E82821B1-6177-43F6-BE1A-6857E15E7770}.Debug|Any CPU.Build.0 = Debug|Any CPU
		{E82821B1-6177-43F6-BE1A-6857E15E7770}.Release|Any CPU.ActiveCfg = Release|Any CPU
		{E82821B1-6177-43F6-BE1A-6857E15E7770}.Release|Any CPU.Build.0 = Release|Any CPU
	EndGlobalSection
	GlobalSection(SolutionProperties) = preSolution
		HideSolutionNode = FALSE
	EndGlobalSection
	GlobalSection(ExtensibilityGlobals) = postSolution
		SolutionGuid = {9744FB91-ED4F-4D93-9F1D-CD251FB56695}
	EndGlobalSection
EndGlobal
