
Microsoft Visual Studio Solution File, Format Version 12.00
# Visual Studio Version 17
VisualStudioVersion = 17.6.33801.468
MinimumVisualStudioVersion = 10.0.40219.1
Project("{FAE04EC0-301F-11D3-BF4B-00C04F79EFBC}") = "WpfApp1", "WpfApp1\WpfApp1.csproj", "{88E93185-DFC0-40CF-9713-268DB7F674B2}"
EndProject
Global
	GlobalSection(SolutionConfigurationPlatforms) = preSolution
		Debug|Any CPU = Debug|Any CPU
		Release|Any CPU = Release|Any CPU
	EndGlobalSection
	GlobalSection(ProjectConfigurationPlatforms) = postSolution
		{88E93185-DFC0-40CF-9713-268DB7F674B2}.Debug|Any CPU.ActiveCfg = Debug|Any CPU
		{88E93185-DFC0-40CF-9713-268DB7F674B2}.Debug|Any CPU.Build.0 = Debug|Any CPU
		{88E93185-DFC0-40CF-9713-268DB7F674B2}.Release|Any CPU.ActiveCfg = Release|Any CPU
		{88E93185-DFC0-40CF-9713-268DB7F674B2}.Release|Any CPU.Build.0 = Release|Any CPU
	EndGlobalSection
	GlobalSection(SolutionProperties) = preSolution
		HideSolutionNode = FALSE
	EndGlobalSection
	GlobalSection(ExtensibilityGlobals) = postSolution
		SolutionGuid = {68829591-C240-4356-9A2C-835337D53266}
	EndGlobalSection
EndGlobal
