
Microsoft Visual Studio Solution File, Format Version 12.00
# Visual Studio Version 17
VisualStudioVersion = 17.6.33801.468
MinimumVisualStudioVersion = 10.0.40219.1
Project("{FAE04EC0-301F-11D3-BF4B-00C04F79EFBC}") = "WpfApp6", "WpfApp6\WpfApp6.csproj", "{1464F015-C101-458A-AFB0-3C2C8DECA2EA}"
EndProject
Global
	GlobalSection(SolutionConfigurationPlatforms) = preSolution
		Debug|Any CPU = Debug|Any CPU
		Release|Any CPU = Release|Any CPU
	EndGlobalSection
	GlobalSection(ProjectConfigurationPlatforms) = postSolution
		{1464F015-C101-458A-AFB0-3C2C8DECA2EA}.Debug|Any CPU.ActiveCfg = Debug|Any CPU
		{1464F015-C101-458A-AFB0-3C2C8DECA2EA}.Debug|Any CPU.Build.0 = Debug|Any CPU
		{1464F015-C101-458A-AFB0-3C2C8DECA2EA}.Release|Any CPU.ActiveCfg = Release|Any CPU
		{1464F015-C101-458A-AFB0-3C2C8DECA2EA}.Release|Any CPU.Build.0 = Release|Any CPU
	EndGlobalSection
	GlobalSection(SolutionProperties) = preSolution
		HideSolutionNode = FALSE
	EndGlobalSection
	GlobalSection(ExtensibilityGlobals) = postSolution
		SolutionGuid = {0D3ED4F1-3398-4892-9F15-EA786408964D}
	EndGlobalSection
EndGlobal
