
Microsoft Visual Studio Solution File, Format Version 12.00
# Visual Studio Version 17
VisualStudioVersion = 17.6.33801.468
MinimumVisualStudioVersion = 10.0.40219.1
Project("{FAE04EC0-301F-11D3-BF4B-00C04F79EFBC}") = "WPF LEARNING", "WPF LEARNING\WPF LEARNING.csproj", "{C0F0B249-F333-4F1D-839B-F85694CB5E40}"
EndProject
Global
	GlobalSection(SolutionConfigurationPlatforms) = preSolution
		Debug|Any CPU = Debug|Any CPU
		Release|Any CPU = Release|Any CPU
	EndGlobalSection
	GlobalSection(ProjectConfigurationPlatforms) = postSolution
		{C0F0B249-F333-4F1D-839B-F85694CB5E40}.Debug|Any CPU.ActiveCfg = Debug|Any CPU
		{C0F0B249-F333-4F1D-839B-F85694CB5E40}.Debug|Any CPU.Build.0 = Debug|Any CPU
		{C0F0B249-F333-4F1D-839B-F85694CB5E40}.Release|Any CPU.ActiveCfg = Release|Any CPU
		{C0F0B249-F333-4F1D-839B-F85694CB5E40}.Release|Any CPU.Build.0 = Release|Any CPU
	EndGlobalSection
	GlobalSection(SolutionProperties) = preSolution
		HideSolutionNode = FALSE
	EndGlobalSection
	GlobalSection(ExtensibilityGlobals) = postSolution
		SolutionGuid = {8CAAE629-3E30-4027-9855-2E3BF20B6DAA}
	EndGlobalSection
EndGlobal
